
Microsoft Visual Studio Solution File, Format Version 12.00
# Visual Studio Version 17
VisualStudioVersion = 17.3.32929.385
MinimumVisualStudioVersion = 10.0.40219.1
Project("{888888A0-9F3D-457C-B088-3A5042F75D52}") = "TriageSystem", "TriageSystem\TriageSystem.pyproj", "{64AC28FD-70E0-460D-BDE4-04CF3C41CF48}"
EndProject
Global
	GlobalSection(SolutionConfigurationPlatforms) = preSolution
		Debug|Any CPU = Debug|Any CPU
		Release|Any CPU = Release|Any CPU
	EndGlobalSection
	GlobalSection(ProjectConfigurationPlatforms) = postSolution
		{64AC28FD-70E0-460D-BDE4-04CF3C41CF48}.Debug|Any CPU.ActiveCfg = Debug|Any CPU
		{64AC28FD-70E0-460D-BDE4-04CF3C41CF48}.Release|Any CPU.ActiveCfg = Release|Any CPU
	EndGlobalSection
	GlobalSection(SolutionProperties) = preSolution
		HideSolutionNode = FALSE
	EndGlobalSection
	GlobalSection(ExtensibilityGlobals) = postSolution
		SolutionGuid = {53447EC2-B421-4B32-BE87-824B2C06E5E1}
	EndGlobalSection
EndGlobal
